// !$*UTF8*$!
{
	archiveVersion = 1;
	classes = {
	};
	objectVersion = 48;
	objects = {

/* Begin PBXBuildFile section */
		740122602005E4AA0072C387 /* Assets.xcassets in Resources */ = {isa = PBXBuildFile; fileRef = 7401225F2005E4AA0072C387 /* Assets.xcassets */; };
		740122632005E4AA0072C387 /* LaunchScreen.storyboard in Resources */ = {isa = PBXBuildFile; fileRef = 740122612005E4AA0072C387 /* LaunchScreen.storyboard */; };
		740122662005E4AA0072C387 /* main.m in Sources */ = {isa = PBXBuildFile; fileRef = 740122652005E4AA0072C387 /* main.m */; };
		7407769920EBA2930022F99E /* FolderViewController.m in Sources */ = {isa = PBXBuildFile; fileRef = 7407769820EBA2930022F99E /* FolderViewController.m */; };
		7425942320063B7600E5F309 /* AppDelegate.m in Sources */ = {isa = PBXBuildFile; fileRef = 7425942220063B7600E5F309 /* AppDelegate.m */; };
		74264B642063765B0062E669 /* LMNote.framework in Frameworks */ = {isa = PBXBuildFile; fileRef = 742594042005E84F00E5F309 /* LMNote.framework */; };
		74264B652063765B0062E669 /* LMNote.framework in Embed Frameworks */ = {isa = PBXBuildFile; fileRef = 742594042005E84F00E5F309 /* LMNote.framework */; settings = {ATTRIBUTES = (CodeSignOnCopy, RemoveHeadersOnCopy, ); }; };
/* End PBXBuildFile section */

/* Begin PBXCopyFilesBuildPhase section */
		74264B662063765B0062E669 /* Embed Frameworks */ = {
			isa = PBXCopyFilesBuildPhase;
			buildActionMask = 2147483647;
			dstPath = "";
			dstSubfolderSpec = 10;
			files = (
				74264B652063765B0062E669 /* LMNote.framework in Embed Frameworks */,
			);
			name = "Embed Frameworks";
			runOnlyForDeploymentPostprocessing = 0;
		};
/* End PBXCopyFilesBuildPhase section */

/* Begin PBXFileReference section */
		740122532005E4AA0072C387 /* LMNoteDemo.app */ = {isa = PBXFileReference; explicitFileType = wrapper.application; includeInIndex = 0; path = LMNoteDemo.app; sourceTree = BUILT_PRODUCTS_DIR; };
		7401225F2005E4AA0072C387 /* Assets.xcassets */ = {isa = PBXFileReference; lastKnownFileType = folder.assetcatalog; path = Assets.xcassets; sourceTree = "<group>"; };
		740122622005E4AA0072C387 /* Base */ = {isa = PBXFileReference; lastKnownFileType = file.storyboard; name = Base; path = Base.lproj/LaunchScreen.storyboard; sourceTree = "<group>"; };
		740122642005E4AA0072C387 /* Info.plist */ = {isa = PBXFileReference; lastKnownFileType = text.plist.xml; path = Info.plist; sourceTree = "<group>"; };
		740122652005E4AA0072C387 /* main.m */ = {isa = PBXFileReference; lastKnownFileType = sourcecode.c.objc; path = main.m; sourceTree = "<group>"; };
		7407767020E9D0860022F99E /* FolderViewController.h */ = {isa = PBXFileReference; lastKnownFileType = sourcecode.c.h; path = FolderViewController.h; sourceTree = "<group>"; };
		7407769820EBA2930022F99E /* FolderViewController.m */ = {isa = PBXFileReference; fileEncoding = 4; lastKnownFileType = sourcecode.c.objc; path = FolderViewController.m; sourceTree = "<group>"; };
		742594042005E84F00E5F309 /* LMNote.framework */ = {isa = PBXFileReference; explicitFileType = wrapper.framework; path = LMNote.framework; sourceTree = BUILT_PRODUCTS_DIR; };
		7425942120063B7600E5F309 /* AppDelegate.h */ = {isa = PBXFileReference; fileEncoding = 4; lastKnownFileType = sourcecode.c.h; path = AppDelegate.h; sourceTree = "<group>"; };
		7425942220063B7600E5F309 /* AppDelegate.m */ = {isa = PBXFileReference; fileEncoding = 4; lastKnownFileType = sourcecode.c.objc; path = AppDelegate.m; sourceTree = "<group>"; };
/* End PBXFileReference section */

/* Begin PBXFrameworksBuildPhase section */
		740122502005E4AA0072C387 /* Frameworks */ = {
			isa = PBXFrameworksBuildPhase;
			buildActionMask = 2147483647;
			files = (
				74264B642063765B0062E669 /* LMNote.framework in Frameworks */,
			);
			runOnlyForDeploymentPostprocessing = 0;
		};
/* End PBXFrameworksBuildPhase section */

/* Begin PBXGroup section */
		7401224A2005E4AA0072C387 = {
			isa = PBXGroup;
			children = (
				740122552005E4AA0072C387 /* LMNoteDemo */,
				7425942420063B9100E5F309 /* Supporting Files */,
				740122542005E4AA0072C387 /* Products */,
				740122882005E62C0072C387 /* Frameworks */,
			);
			sourceTree = "<group>";
		};
		740122542005E4AA0072C387 /* Products */ = {
			isa = PBXGroup;
			children = (
				740122532005E4AA0072C387 /* LMNoteDemo.app */,
			);
			name = Products;
			sourceTree = "<group>";
		};
		740122552005E4AA0072C387 /* LMNoteDemo */ = {
			isa = PBXGroup;
			children = (
				7425942120063B7600E5F309 /* AppDelegate.h */,
				7425942220063B7600E5F309 /* AppDelegate.m */,
				7407767020E9D0860022F99E /* FolderViewController.h */,
				7407769820EBA2930022F99E /* FolderViewController.m */,
			);
			path = LMNoteDemo;
			sourceTree = "<group>";
		};
		740122882005E62C0072C387 /* Frameworks */ = {
			isa = PBXGroup;
			children = (
				742594042005E84F00E5F309 /* LMNote.framework */,
			);
			name = Frameworks;
			sourceTree = "<group>";
		};
		7425942420063B9100E5F309 /* Supporting Files */ = {
			isa = PBXGroup;
			children = (
				7401225F2005E4AA0072C387 /* Assets.xcassets */,
				740122612005E4AA0072C387 /* LaunchScreen.storyboard */,
				740122642005E4AA0072C387 /* Info.plist */,
				740122652005E4AA0072C387 /* main.m */,
			);
			path = "Supporting Files";
			sourceTree = "<group>";
		};
/* End PBXGroup section */

/* Begin PBXNativeTarget section */
		740122522005E4AA0072C387 /* LMNoteDemo */ = {
			isa = PBXNativeTarget;
			buildConfigurationList = 740122692005E4AA0072C387 /* Build configuration list for PBXNativeTarget "LMNoteDemo" */;
			buildPhases = (
				7401224F2005E4AA0072C387 /* Sources */,
				740122502005E4AA0072C387 /* Frameworks */,
				740122512005E4AA0072C387 /* Resources */,
				74264B662063765B0062E669 /* Embed Frameworks */,
			);
			buildRules = (
			);
			dependencies = (
			);
			name = LMNoteDemo;
			productName = LMNoteDemo;
			productReference = 740122532005E4AA0072C387 /* LMNoteDemo.app */;
			productType = "com.apple.product-type.application";
		};
/* End PBXNativeTarget section */

/* Begin PBXProject section */
		7401224B2005E4AA0072C387 /* Project object */ = {
			isa = PBXProject;
			attributes = {
				LastUpgradeCheck = 0930;
				ORGANIZATIONNAME = littleMeaning;
				TargetAttributes = {
					740122522005E4AA0072C387 = {
						CreatedOnToolsVersion = 9.1;
						ProvisioningStyle = Automatic;
					};
				};
			};
			buildConfigurationList = 7401224E2005E4AA0072C387 /* Build configuration list for PBXProject "LMNoteDemo" */;
			compatibilityVersion = "Xcode 8.0";
			developmentRegion = en;
			hasScannedForEncodings = 0;
			knownRegions = (
				en,
				Base,
			);
			mainGroup = 7401224A2005E4AA0072C387;
			productRefGroup = 740122542005E4AA0072C387 /* Products */;
			projectDirPath = "";
			projectRoot = "";
			targets = (
				740122522005E4AA0072C387 /* LMNoteDemo */,
			);
		};
/* End PBXProject section */

/* Begin PBXResourcesBuildPhase section */
		740122512005E4AA0072C387 /* Resources */ = {
			isa = PBXResourcesBuildPhase;
			buildActionMask = 2147483647;
			files = (
				740122632005E4AA0072C387 /* LaunchScreen.storyboard in Resources */,
				740122602005E4AA0072C387 /* Assets.xcassets in Resources */,
			);
			runOnlyForDeploymentPostprocessing = 0;
		};
/* End PBXResourcesBuildPhase section */

/* Begin PBXSourcesBuildPhase section */
		7401224F2005E4AA0072C387 /* Sources */ = {
			isa = PBXSourcesBuildPhase;
			buildActionMask = 2147483647;
			files = (
				7407769920EBA2930022F99E /* FolderViewController.m in Sources */,
				7425942320063B7600E5F309 /* AppDelegate.m in Sources */,
				740122662005E4AA0072C387 /* main.m in Sources */,
			);
			runOnlyForDeploymentPostprocessing = 0;
		};
/* End PBXSourcesBuildPhase section */

/* Begin PBXVariantGroup section */
		740122612005E4AA0072C387 /* LaunchScreen.storyboard */ = {
			isa = PBXVariantGroup;
			children = (
				740122622005E4AA0072C387 /* Base */,
			);
			name = LaunchScreen.storyboard;
			sourceTree = "<group>";
		};
/* End PBXVariantGroup section */

/* Begin XCBuildConfiguration section */
		740122672005E4AA0072C387 /* Debug */ = {
			isa = XCBuildConfiguration;
			buildSettings = {
				ALWAYS_SEARCH_USER_PATHS = NO;
				CLANG_ANALYZER_NONNULL = YES;
				CLANG_ANALYZER_NUMBER_OBJECT_CONVERSION = YES_AGGRESSIVE;
				CLANG_CXX_LANGUAGE_STANDARD = "gnu++14";
				CLANG_CXX_LIBRARY = "libc++";
				CLANG_ENABLE_MODULES = YES;
				CLANG_ENABLE_OBJC_ARC = YES;
				CLANG_WARN_BLOCK_CAPTURE_AUTORELEASING = YES;
				CLANG_WARN_BOOL_CONVERSION = YES;
				CLANG_WARN_COMMA = YES;
				CLANG_WARN_CONSTANT_CONVERSION = YES;
				CLANG_WARN_DEPRECATED_OBJC_IMPLEMENTATIONS = YES;
				CLANG_WARN_DIRECT_OBJC_ISA_USAGE = YES_ERROR;
				CLANG_WARN_DOCUMENTATION_COMMENTS = YES;
				CLANG_WARN_EMPTY_BODY = YES;
				CLANG_WARN_ENUM_CONVERSION = YES;
				CLANG_WARN_INFINITE_RECURSION = YES;
				CLANG_WARN_INT_CONVERSION = YES;
				CLANG_WARN_NON_LITERAL_NULL_CONVERSION = YES;
				CLANG_WARN_OBJC_IMPLICIT_RETAIN_SELF = YES;
				CLANG_WARN_OBJC_LITERAL_CONVERSION = YES;
				CLANG_WARN_OBJC_ROOT_CLASS = YES_ERROR;
				CLANG_WARN_RANGE_LOOP_ANALYSIS = YES;
				CLANG_WARN_STRICT_PROTOTYPES = YES;
				CLANG_WARN_SUSPICIOUS_MOVE = YES;
				CLANG_WARN_UNGUARDED_AVAILABILITY = YES_AGGRESSIVE;
				CLANG_WARN_UNREACHABLE_CODE = YES;
				CLANG_WARN__DUPLICATE_METHOD_MATCH = YES;
				CODE_SIGN_IDENTITY = "iPhone Developer";
				COPY_PHASE_STRIP = NO;
				DEBUG_INFORMATION_FORMAT = dwarf;
				ENABLE_STRICT_OBJC_MSGSEND = YES;
				ENABLE_TESTABILITY = YES;
				GCC_C_LANGUAGE_STANDARD = gnu11;
				GCC_DYNAMIC_NO_PIC = NO;
				GCC_NO_COMMON_BLOCKS = YES;
				GCC_OPTIMIZATION_LEVEL = 0;
				GCC_PREPROCESSOR_DEFINITIONS = (
					"DEBUG=1",
					"$(inherited)",
				);
				GCC_WARN_64_TO_32_BIT_CONVERSION = YES;
				GCC_WARN_ABOUT_RETURN_TYPE = YES_ERROR;
				GCC_WARN_UNDECLARED_SELECTOR = YES;
				GCC_WARN_UNINITIALIZED_AUTOS = YES_AGGRESSIVE;
				GCC_WARN_UNUSED_FUNCTION = YES;
				GCC_WARN_UNUSED_VARIABLE = YES;
				IPHONEOS_DEPLOYMENT_TARGET = 11.1;
				MTL_ENABLE_DEBUG_INFO = YES;
				ONLY_ACTIVE_ARCH = YES;
				SDKROOT = iphoneos;
			};
			name = Debug;
		};
		740122682005E4AA0072C387 /* Release */ = {
			isa = XCBuildConfiguration;
			buildSettings = {
				ALWAYS_SEARCH_USER_PATHS = NO;
				CLANG_ANALYZER_NONNULL = YES;
				CLANG_ANALYZER_NUMBER_OBJECT_CONVERSION = YES_AGGRESSIVE;
				CLANG_CXX_LANGUAGE_STANDARD = "gnu++14";
				CLANG_CXX_LIBRARY = "libc++";
				CLANG_ENABLE_MODULES = YES;
				CLANG_ENABLE_OBJC_ARC = YES;
				CLANG_WARN_BLOCK_CAPTURE_AUTORELEASING = YES;
				CLANG_WARN_BOOL_CONVERSION = YES;
				CLANG_WARN_COMMA = YES;
				CLANG_WARN_CONSTANT_CONVERSION = YES;
				CLANG_WARN_DEPRECATED_OBJC_IMPLEMENTATIONS = YES;
				CLANG_WARN_DIRECT_OBJC_ISA_USAGE = YES_ERROR;
				CLANG_WARN_DOCUMENTATION_COMMENTS = YES;
				CLANG_WARN_EMPTY_BODY = YES;
				CLANG_WARN_ENUM_CONVERSION = YES;
				CLANG_WARN_INFINITE_RECURSION = YES;
				CLANG_WARN_INT_CONVERSION = YES;
				CLANG_WARN_NON_LITERAL_NULL_CONVERSION = YES;
				CLANG_WARN_OBJC_IMPLICIT_RETAIN_SELF = YES;
				CLANG_WARN_OBJC_LITERAL_CONVERSION = YES;
				CLANG_WARN_OBJC_ROOT_CLASS = YES_ERROR;
				CLANG_WARN_RANGE_LOOP_ANALYSIS = YES;
				CLANG_WARN_STRICT_PROTOTYPES = YES;
				CLANG_WARN_SUSPICIOUS_MOVE = YES;
				CLANG_WARN_UNGUARDED_AVAILABILITY = YES_AGGRESSIVE;
				CLANG_WARN_UNREACHABLE_CODE = YES;
				CLANG_WARN__DUPLICATE_METHOD_MATCH = YES;
				CODE_SIGN_IDENTITY = "iPhone Developer";
				COPY_PHASE_STRIP = NO;
				DEBUG_INFORMATION_FORMAT = "dwarf-with-dsym";
				ENABLE_NS_ASSERTIONS = NO;
				ENABLE_STRICT_OBJC_MSGSEND = YES;
				GCC_C_LANGUAGE_STANDARD = gnu11;
				GCC_NO_COMMON_BLOCKS = YES;
				GCC_WARN_64_TO_32_BIT_CONVERSION = YES;
				GCC_WARN_ABOUT_RETURN_TYPE = YES_ERROR;
				GCC_WARN_UNDECLARED_SELECTOR = YES;
				GCC_WARN_UNINITIALIZED_AUTOS = YES_AGGRESSIVE;
				GCC_WARN_UNUSED_FUNCTION = YES;
				GCC_WARN_UNUSED_VARIABLE = YES;
				IPHONEOS_DEPLOYMENT_TARGET = 11.1;
				MTL_ENABLE_DEBUG_INFO = NO;
				SDKROOT = iphoneos;
				VALIDATE_PRODUCT = YES;
			};
			name = Release;
		};
		7401226A2005E4AA0072C387 /* Debug */ = {
			isa = XCBuildConfiguration;
			buildSettings = {
				ASSETCATALOG_COMPILER_APPICON_NAME = AppIcon;
				CODE_SIGN_IDENTITY = "iPhone Developer";
				CODE_SIGN_STYLE = Automatic;
				DEVELOPMENT_TEAM = L99F5K8V47;
				INFOPLIST_FILE = "Supporting Files/Info.plist";
				IPHONEOS_DEPLOYMENT_TARGET = 8.0;
				LD_RUNPATH_SEARCH_PATHS = "$(inherited) @executable_path/Frameworks";
				ONLY_ACTIVE_ARCH = YES;
				PRODUCT_BUNDLE_IDENTIFIER = com.lm.LMNoteDemo;
				PRODUCT_NAME = "$(TARGET_NAME)";
				PROVISIONING_PROFILE_SPECIFIER = "";
				TARGETED_DEVICE_FAMILY = "1,2";
				VALID_ARCHS = "arm64 armv7 armv7s";
			};
			name = Debug;
		};
		7401226B2005E4AA0072C387 /* Release */ = {
			isa = XCBuildConfiguration;
			buildSettings = {
				ASSETCATALOG_COMPILER_APPICON_NAME = AppIcon;
				CODE_SIGN_IDENTITY = "iPhone Developer";
				CODE_SIGN_STYLE = Automatic;
				DEVELOPMENT_TEAM = L99F5K8V47;
				INFOPLIST_FILE = "Supporting Files/Info.plist";
				IPHONEOS_DEPLOYMENT_TARGET = 8.0;
				LD_RUNPATH_SEARCH_PATHS = "$(inherited) @executable_path/Frameworks";
				PRODUCT_BUNDLE_IDENTIFIER = com.lm.LMNoteDemo;
				PRODUCT_NAME = "$(TARGET_NAME)";
				PROVISIONING_PROFILE_SPECIFIER = "";
				TARGETED_DEVICE_FAMILY = "1,2";
				VALID_ARCHS = "arm64 armv7 armv7s";
			};
			name = Release;
		};
/* End XCBuildConfiguration section */

/* Begin XCConfigurationList section */
		7401224E2005E4AA0072C387 /* Build configuration list for PBXProject "LMNoteDemo" */ = {
			isa = XCConfigurationList;
			buildConfigurations = (
				740122672005E4AA0072C387 /* Debug */,
				740122682005E4AA0072C387 /* Release */,
			);
			defaultConfigurationIsVisible = 0;
			defaultConfigurationName = Release;
		};
		740122692005E4AA0072C387 /* Build configuration list for PBXNativeTarget "LMNoteDemo" */ = {
			isa = XCConfigurationList;
			buildConfigurations = (
				7401226A2005E4AA0072C387 /* Debug */,
				7401226B2005E4AA0072C387 /* Release */,
			);
			defaultConfigurationIsVisible = 0;
			defaultConfigurationName = Release;
		};
/* End XCConfigurationList section */
	};
	rootObject = 7401224B2005E4AA0072C387 /* Project object */;
}
